
Microsoft Visual Studio Solution File, Format Version 12.00
# Visual Studio Version 17
VisualStudioVersion = 17.0.31903.59
MinimumVisualStudioVersion = 10.0.40219.1
Project("{2150E333-8FDC-42A3-9474-1A3956D46DE8}") = "src", "src", "{02EA681E-C7D8-13C7-8484-4AC65E1B71E8}"
EndProject
Project("{2150E333-8FDC-42A3-9474-1A3956D46DE8}") = "tests", "tests", "{F1D34A38-3836-4B8C-B2B2-8A82FEB416C4}"
EndProject
Project("{FAE04EC0-301F-11D3-BF4B-00C04F79EFBC}") = "EasyTypeCastHelper", "src\EasyTypeCastHelper.csproj", "{5B6A9F80-F971-A741-AB96-7956083785DF}"
EndProject
Project("{FAE04EC0-301F-11D3-BF4B-00C04F79EFBC}") = "EasyTypeCastHelperTests", "tests\EasyTypeCastHelperTests\EasyTypeCastHelperTests.csproj", "{6A6A6D00-B590-C173-7DD7-44D02ACC2C0D}"
EndProject
Global
	GlobalSection(SolutionConfigurationPlatforms) = preSolution
		Debug|Any CPU = Debug|Any CPU
		Release|Any CPU = Release|Any CPU
	EndGlobalSection
	GlobalSection(ProjectConfigurationPlatforms) = postSolution
		{5B6A9F80-F971-A741-AB96-7956083785DF}.Debug|Any CPU.ActiveCfg = Debug|Any CPU
		{5B6A9F80-F971-A741-AB96-7956083785DF}.Debug|Any CPU.Build.0 = Debug|Any CPU
		{5B6A9F80-F971-A741-AB96-7956083785DF}.Release|Any CPU.ActiveCfg = Release|Any CPU
		{5B6A9F80-F971-A741-AB96-7956083785DF}.Release|Any CPU.Build.0 = Release|Any CPU
		{6A6A6D00-B590-C173-7DD7-44D02ACC2C0D}.Debug|Any CPU.ActiveCfg = Debug|Any CPU
		{6A6A6D00-B590-C173-7DD7-44D02ACC2C0D}.Debug|Any CPU.Build.0 = Debug|Any CPU
		{6A6A6D00-B590-C173-7DD7-44D02ACC2C0D}.Release|Any CPU.ActiveCfg = Release|Any CPU
		{6A6A6D00-B590-C173-7DD7-44D02ACC2C0D}.Release|Any CPU.Build.0 = Release|Any CPU
	EndGlobalSection
	GlobalSection(SolutionProperties) = preSolution
		HideSolutionNode = FALSE
	EndGlobalSection
	GlobalSection(NestedProjects) = preSolution
		{5B6A9F80-F971-A741-AB96-7956083785DF} = {02EA681E-C7D8-13C7-8484-4AC65E1B71E8}
		{6A6A6D00-B590-C173-7DD7-44D02ACC2C0D} = {F1D34A38-3836-4B8C-B2B2-8A82FEB416C4}
	EndGlobalSection
EndGlobal
